// !$*UTF8*$!
{
	archiveVersion = 1;
	classes = {
	};
	objectVersion = 50;
	objects = {

/* Begin PBXBuildFile section */
		4E0ECDDD215B38B4007276E4 /* AppDelegate.swift in Sources */ = {isa = PBXBuildFile; fileRef = 4E0ECDDC215B38B4007276E4 /* AppDelegate.swift */; };
		4E0ECDE2215B38B4007276E4 /* Main.storyboard in Resources */ = {isa = PBXBuildFile; fileRef = 4E0ECDE0215B38B4007276E4 /* Main.storyboard */; };
		4E0ECDE4215B38B5007276E4 /* Assets.xcassets in Resources */ = {isa = PBXBuildFile; fileRef = 4E0ECDE3215B38B5007276E4 /* Assets.xcassets */; };
		4E0ECDE7215B38B5007276E4 /* LaunchScreen.storyboard in Resources */ = {isa = PBXBuildFile; fileRef = 4E0ECDE5215B38B5007276E4 /* LaunchScreen.storyboard */; };
		4E0ECDEF215B3BD7007276E4 /* SignInViewController.swift in Sources */ = {isa = PBXBuildFile; fileRef = 4E0ECDEE215B3BD7007276E4 /* SignInViewController.swift */; };
		4E0ECDF1215B4084007276E4 /* SignUPViewController.swift in Sources */ = {isa = PBXBuildFile; fileRef = 4E0ECDF0215B4084007276E4 /* SignUPViewController.swift */; };
		4E9CA20D217D478D008E0502 /* AuthServices.swift in Sources */ = {isa = PBXBuildFile; fileRef = 4E9CA20C217D478D008E0502 /* AuthServices.swift */; };
		4EF6C26A215F2E83009815EF /* HomeViewController.swift in Sources */ = {isa = PBXBuildFile; fileRef = 4EF6C269215F2E83009815EF /* HomeViewController.swift */; };
		4EF6C26C215F2E8C009815EF /* SearchViewController.swift in Sources */ = {isa = PBXBuildFile; fileRef = 4EF6C26B215F2E8C009815EF /* SearchViewController.swift */; };
		4EF6C26E215F2E94009815EF /* CameraViewController.swift in Sources */ = {isa = PBXBuildFile; fileRef = 4EF6C26D215F2E94009815EF /* CameraViewController.swift */; };
		4EF6C270215F2E9E009815EF /* ActivityViewController.swift in Sources */ = {isa = PBXBuildFile; fileRef = 4EF6C26F215F2E9E009815EF /* ActivityViewController.swift */; };
		4EF6C272215F2EA8009815EF /* ProfileViewController.swift in Sources */ = {isa = PBXBuildFile; fileRef = 4EF6C271215F2EA8009815EF /* ProfileViewController.swift */; };
		4EF6C275215F3BA9009815EF /* Tab.storyboard in Resources */ = {isa = PBXBuildFile; fileRef = 4EF6C273215F3BA9009815EF /* Tab.storyboard */; };
		4EF6C278215F4021009815EF /* Home.storyboard in Resources */ = {isa = PBXBuildFile; fileRef = 4EF6C276215F4021009815EF /* Home.storyboard */; };
		4EF6C27A215F40B2009815EF /* Search.storyboard in Resources */ = {isa = PBXBuildFile; fileRef = 4EF6C279215F40B2009815EF /* Search.storyboard */; };
		4EF6C27D215F4110009815EF /* Camera.storyboard in Resources */ = {isa = PBXBuildFile; fileRef = 4EF6C27B215F4110009815EF /* Camera.storyboard */; };
		4EF6C27F215F4147009815EF /* Activity.storyboard in Resources */ = {isa = PBXBuildFile; fileRef = 4EF6C27E215F4147009815EF /* Activity.storyboard */; };
		4EF6C282215F4182009815EF /* Profile.storyboard in Resources */ = {isa = PBXBuildFile; fileRef = 4EF6C280215F4182009815EF /* Profile.storyboard */; };
		4EF77E0F220652EA002C3EA6 /* GoogleService-Info.plist in Resources */ = {isa = PBXBuildFile; fileRef = 4EF77E0E220652EA002C3EA6 /* GoogleService-Info.plist */; };
		4EF77E122206BC98002C3EA6 /* Model.swift in Sources */ = {isa = PBXBuildFile; fileRef = 4EF77E112206BC98002C3EA6 /* Model.swift */; };
		A777D2D73E411AC72FAC69B2 /* Pods_Puth.framework in Frameworks */ = {isa = PBXBuildFile; fileRef = D0EB41FB1D61931BF494D5CE /* Pods_Puth.framework */; };
/* End PBXBuildFile section */

/* Begin PBXFileReference section */
		4E0ECDD9215B38B4007276E4 /* Puth.app */ = {isa = PBXFileReference; explicitFileType = wrapper.application; includeInIndex = 0; path = Puth.app; sourceTree = BUILT_PRODUCTS_DIR; };
		4E0ECDDC215B38B4007276E4 /* AppDelegate.swift */ = {isa = PBXFileReference; lastKnownFileType = sourcecode.swift; path = AppDelegate.swift; sourceTree = "<group>"; };
		4E0ECDE1215B38B4007276E4 /* Base */ = {isa = PBXFileReference; lastKnownFileType = file.storyboard; name = Base; path = Base.lproj/Main.storyboard; sourceTree = "<group>"; };
		4E0ECDE3215B38B5007276E4 /* Assets.xcassets */ = {isa = PBXFileReference; lastKnownFileType = folder.assetcatalog; path = Assets.xcassets; sourceTree = "<group>"; };
		4E0ECDE6215B38B5007276E4 /* Base */ = {isa = PBXFileReference; lastKnownFileType = file.storyboard; name = Base; path = Base.lproj/LaunchScreen.storyboard; sourceTree = "<group>"; };
		4E0ECDE8215B38B5007276E4 /* Info.plist */ = {isa = PBXFileReference; lastKnownFileType = text.plist.xml; path = Info.plist; sourceTree = "<group>"; };
		4E0ECDEE215B3BD7007276E4 /* SignInViewController.swift */ = {isa = PBXFileReference; lastKnownFileType = sourcecode.swift; path = SignInViewController.swift; sourceTree = "<group>"; };
		4E0ECDF0215B4084007276E4 /* SignUPViewController.swift */ = {isa = PBXFileReference; lastKnownFileType = sourcecode.swift; path = SignUPViewController.swift; sourceTree = "<group>"; };
		4E9CA20C217D478D008E0502 /* AuthServices.swift */ = {isa = PBXFileReference; lastKnownFileType = sourcecode.swift; path = AuthServices.swift; sourceTree = "<group>"; };
		4EF6C269215F2E83009815EF /* HomeViewController.swift */ = {isa = PBXFileReference; lastKnownFileType = sourcecode.swift; path = HomeViewController.swift; sourceTree = "<group>"; };
		4EF6C26B215F2E8C009815EF /* SearchViewController.swift */ = {isa = PBXFileReference; lastKnownFileType = sourcecode.swift; path = SearchViewController.swift; sourceTree = "<group>"; };
		4EF6C26D215F2E94009815EF /* CameraViewController.swift */ = {isa = PBXFileReference; lastKnownFileType = sourcecode.swift; path = CameraViewController.swift; sourceTree = "<group>"; };
		4EF6C26F215F2E9E009815EF /* ActivityViewController.swift */ = {isa = PBXFileReference; lastKnownFileType = sourcecode.swift; path = ActivityViewController.swift; sourceTree = "<group>"; };
		4EF6C271215F2EA8009815EF /* ProfileViewController.swift */ = {isa = PBXFileReference; lastKnownFileType = sourcecode.swift; path = ProfileViewController.swift; sourceTree = "<group>"; };
		4EF6C274215F3BA9009815EF /* Base */ = {isa = PBXFileReference; lastKnownFileType = file.storyboard; name = Base; path = Puth/Base.lproj/Tab.storyboard; sourceTree = "<group>"; };
		4EF6C277215F4021009815EF /* Base */ = {isa = PBXFileReference; lastKnownFileType = file.storyboard; name = Base; path = Puth/Puth/Base.lproj/Home.storyboard; sourceTree = "<group>"; };
		4EF6C279215F40B2009815EF /* Search.storyboard */ = {isa = PBXFileReference; fileEncoding = 4; lastKnownFileType = file.storyboard; path = Search.storyboard; sourceTree = "<group>"; };
		4EF6C27C215F4110009815EF /* Base */ = {isa = PBXFileReference; lastKnownFileType = file.storyboard; name = Base; path = Puth/Puth/Base.lproj/Camera.storyboard; sourceTree = "<group>"; };
		4EF6C27E215F4147009815EF /* Activity.storyboard */ = {isa = PBXFileReference; fileEncoding = 4; lastKnownFileType = file.storyboard; path = Activity.storyboard; sourceTree = "<group>"; };
		4EF6C281215F4182009815EF /* Base */ = {isa = PBXFileReference; lastKnownFileType = file.storyboard; name = Base; path = Puth/Puth/Base.lproj/Profile.storyboard; sourceTree = "<group>"; };
		4EF77E0E220652EA002C3EA6 /* GoogleService-Info.plist */ = {isa = PBXFileReference; fileEncoding = 4; lastKnownFileType = text.plist.xml; path = "GoogleService-Info.plist"; sourceTree = SOURCE_ROOT; };
		4EF77E112206BC98002C3EA6 /* Model.swift */ = {isa = PBXFileReference; lastKnownFileType = sourcecode.swift; path = Model.swift; sourceTree = "<group>"; };
		6B136CDA29763230BD1E3966 /* Pods-Puth.debug.xcconfig */ = {isa = PBXFileReference; includeInIndex = 1; lastKnownFileType = text.xcconfig; name = "Pods-Puth.debug.xcconfig"; path = "Pods/Target Support Files/Pods-Puth/Pods-Puth.debug.xcconfig"; sourceTree = "<group>"; };
		C23122382AE6D7C7A0B2696C /* Pods-Puth.release.xcconfig */ = {isa = PBXFileReference; includeInIndex = 1; lastKnownFileType = text.xcconfig; name = "Pods-Puth.release.xcconfig"; path = "Pods/Target Support Files/Pods-Puth/Pods-Puth.release.xcconfig"; sourceTree = "<group>"; };
		D0EB41FB1D61931BF494D5CE /* Pods_Puth.framework */ = {isa = PBXFileReference; explicitFileType = wrapper.framework; includeInIndex = 0; path = Pods_Puth.framework; sourceTree = BUILT_PRODUCTS_DIR; };
/* End PBXFileReference section */

/* Begin PBXFrameworksBuildPhase section */
		4E0ECDD6215B38B4007276E4 /* Frameworks */ = {
			isa = PBXFrameworksBuildPhase;
			buildActionMask = 2147483647;
			files = (
				A777D2D73E411AC72FAC69B2 /* Pods_Puth.framework in Frameworks */,
			);
			runOnlyForDeploymentPostprocessing = 0;
		};
/* End PBXFrameworksBuildPhase section */

/* Begin PBXGroup section */
		4E0ECDD0215B38B4007276E4 = {
			isa = PBXGroup;
			children = (
				4E0ECDDB215B38B4007276E4 /* Puth */,
				4E0ECDDA215B38B4007276E4 /* Products */,
				7D4E45010C90E222FD83D8B6 /* Pods */,
				BC35FD68ABAF54A8CD668491 /* Frameworks */,
			);
			sourceTree = "<group>";
		};
		4E0ECDDA215B38B4007276E4 /* Products */ = {
			isa = PBXGroup;
			children = (
				4E0ECDD9215B38B4007276E4 /* Puth.app */,
			);
			name = Products;
			sourceTree = "<group>";
		};
		4E0ECDDB215B38B4007276E4 /* Puth */ = {
			isa = PBXGroup;
			children = (
				4E0ECDDC215B38B4007276E4 /* AppDelegate.swift */,
				4E9CA20C217D478D008E0502 /* AuthServices.swift */,
				4EF6C284215F4EB9009815EF /* ViewControllers */,
				4EF77E102206BC7A002C3EA6 /* Model */,
				4EF6C283215F4E7A009815EF /* StoryBoards */,
				4E0ECDE3215B38B5007276E4 /* Assets.xcassets */,
				4E0ECDE5215B38B5007276E4 /* LaunchScreen.storyboard */,
				4EF77E0E220652EA002C3EA6 /* GoogleService-Info.plist */,
				4E0ECDE8215B38B5007276E4 /* Info.plist */,
			);
			path = Puth;
			sourceTree = "<group>";
		};
		4EF6C283215F4E7A009815EF /* StoryBoards */ = {
			isa = PBXGroup;
			children = (
				4E0ECDE0215B38B4007276E4 /* Main.storyboard */,
				4EF6C273215F3BA9009815EF /* Tab.storyboard */,
				4EF6C276215F4021009815EF /* Home.storyboard */,
				4EF6C279215F40B2009815EF /* Search.storyboard */,
				4EF6C27B215F4110009815EF /* Camera.storyboard */,
				4EF6C27E215F4147009815EF /* Activity.storyboard */,
				4EF6C280215F4182009815EF /* Profile.storyboard */,
			);
			path = StoryBoards;
			sourceTree = "<group>";
		};
		4EF6C284215F4EB9009815EF /* ViewControllers */ = {
			isa = PBXGroup;
			children = (
				4E0ECDEE215B3BD7007276E4 /* SignInViewController.swift */,
				4E0ECDF0215B4084007276E4 /* SignUPViewController.swift */,
				4EF6C269215F2E83009815EF /* HomeViewController.swift */,
				4EF6C26B215F2E8C009815EF /* SearchViewController.swift */,
				4EF6C26D215F2E94009815EF /* CameraViewController.swift */,
				4EF6C26F215F2E9E009815EF /* ActivityViewController.swift */,
				4EF6C271215F2EA8009815EF /* ProfileViewController.swift */,
			);
			path = ViewControllers;
			sourceTree = "<group>";
		};
		4EF77E102206BC7A002C3EA6 /* Model */ = {
			isa = PBXGroup;
			children = (
				4EF77E112206BC98002C3EA6 /* Model.swift */,
			);
			path = Model;
			sourceTree = "<group>";
		};
		7D4E45010C90E222FD83D8B6 /* Pods */ = {
			isa = PBXGroup;
			children = (
				6B136CDA29763230BD1E3966 /* Pods-Puth.debug.xcconfig */,
				C23122382AE6D7C7A0B2696C /* Pods-Puth.release.xcconfig */,
			);
			name = Pods;
			sourceTree = "<group>";
		};
		BC35FD68ABAF54A8CD668491 /* Frameworks */ = {
			isa = PBXGroup;
			children = (
				D0EB41FB1D61931BF494D5CE /* Pods_Puth.framework */,
			);
			name = Frameworks;
			sourceTree = "<group>";
		};
/* End PBXGroup section */

/* Begin PBXNativeTarget section */
		4E0ECDD8215B38B4007276E4 /* Puth */ = {
			isa = PBXNativeTarget;
			buildConfigurationList = 4E0ECDEB215B38B5007276E4 /* Build configuration list for PBXNativeTarget "Puth" */;
			buildPhases = (
				2858FDD212A5D25CCE39964B /* [CP] Check Pods Manifest.lock */,
				4E0ECDD5215B38B4007276E4 /* Sources */,
				4E0ECDD6215B38B4007276E4 /* Frameworks */,
				4E0ECDD7215B38B4007276E4 /* Resources */,
				B015EA4EDA8836B118AED3C4 /* [CP] Embed Pods Frameworks */,
			);
			buildRules = (
			);
			dependencies = (
			);
			name = Puth;
			productName = Puth;
			productReference = 4E0ECDD9215B38B4007276E4 /* Puth.app */;
			productType = "com.apple.product-type.application";
		};
/* End PBXNativeTarget section */

/* Begin PBXProject section */
		4E0ECDD1215B38B4007276E4 /* Project object */ = {
			isa = PBXProject;
			attributes = {
				LastSwiftUpdateCheck = 1000;
				LastUpgradeCheck = 1000;
				ORGANIZATIONNAME = "Zabeehullah Qayumi";
				TargetAttributes = {
					4E0ECDD8215B38B4007276E4 = {
						CreatedOnToolsVersion = 10.0;
					};
				};
			};
			buildConfigurationList = 4E0ECDD4215B38B4007276E4 /* Build configuration list for PBXProject "Puth" */;
			compatibilityVersion = "Xcode 9.3";
			developmentRegion = en;
			hasScannedForEncodings = 0;
			knownRegions = (
				en,
				Base,
			);
			mainGroup = 4E0ECDD0215B38B4007276E4;
			productRefGroup = 4E0ECDDA215B38B4007276E4 /* Products */;
			projectDirPath = "";
			projectRoot = "";
			targets = (
				4E0ECDD8215B38B4007276E4 /* Puth */,
			);
		};
/* End PBXProject section */

/* Begin PBXResourcesBuildPhase section */
		4E0ECDD7215B38B4007276E4 /* Resources */ = {
			isa = PBXResourcesBuildPhase;
			buildActionMask = 2147483647;
			files = (
				4EF6C275215F3BA9009815EF /* Tab.storyboard in Resources */,
				4EF6C27D215F4110009815EF /* Camera.storyboard in Resources */,
				4EF6C278215F4021009815EF /* Home.storyboard in Resources */,
				4E0ECDE7215B38B5007276E4 /* LaunchScreen.storyboard in Resources */,
				4E0ECDE4215B38B5007276E4 /* Assets.xcassets in Resources */,
				4EF6C27A215F40B2009815EF /* Search.storyboard in Resources */,
				4EF6C282215F4182009815EF /* Profile.storyboard in Resources */,
				4EF77E0F220652EA002C3EA6 /* GoogleService-Info.plist in Resources */,
				4E0ECDE2215B38B4007276E4 /* Main.storyboard in Resources */,
				4EF6C27F215F4147009815EF /* Activity.storyboard in Resources */,
			);
			runOnlyForDeploymentPostprocessing = 0;
		};
/* End PBXResourcesBuildPhase section */

/* Begin PBXShellScriptBuildPhase section */
		2858FDD212A5D25CCE39964B /* [CP] Check Pods Manifest.lock */ = {
			isa = PBXShellScriptBuildPhase;
			buildActionMask = 2147483647;
			files = (
			);
			inputPaths = (
				"${PODS_PODFILE_DIR_PATH}/Podfile.lock",
				"${PODS_ROOT}/Manifest.lock",
			);
			name = "[CP] Check Pods Manifest.lock";
			outputPaths = (
				"$(DERIVED_FILE_DIR)/Pods-Puth-checkManifestLockResult.txt",
			);
			runOnlyForDeploymentPostprocessing = 0;
			shellPath = /bin/sh;
			shellScript = "diff \"${PODS_PODFILE_DIR_PATH}/Podfile.lock\" \"${PODS_ROOT}/Manifest.lock\" > /dev/null\nif [ $? != 0 ] ; then\n    # print error to STDERR\n    echo \"error: The sandbox is not in sync with the Podfile.lock. Run 'pod install' or update your CocoaPods installation.\" >&2\n    exit 1\nfi\n# This output is used by Xcode 'outputs' to avoid re-running this script phase.\necho \"SUCCESS\" > \"${SCRIPT_OUTPUT_FILE_0}\"\n";
			showEnvVarsInLog = 0;
		};
		B015EA4EDA8836B118AED3C4 /* [CP] Embed Pods Frameworks */ = {
			isa = PBXShellScriptBuildPhase;
			buildActionMask = 2147483647;
			files = (
			);
			inputPaths = (
				"${SRCROOT}/Pods/Target Support Files/Pods-Puth/Pods-Puth-frameworks.sh",
				"${BUILT_PRODUCTS_DIR}/GTMSessionFetcher/GTMSessionFetcher.framework",
				"${BUILT_PRODUCTS_DIR}/GoogleUtilities/GoogleUtilities.framework",
				"${BUILT_PRODUCTS_DIR}/Nuke/Nuke.framework",
				"${BUILT_PRODUCTS_DIR}/SVProgressHUD/SVProgressHUD.framework",
				"${BUILT_PRODUCTS_DIR}/leveldb-library/leveldb.framework",
				"${BUILT_PRODUCTS_DIR}/nanopb/nanopb.framework",
			);
			name = "[CP] Embed Pods Frameworks";
			outputPaths = (
				"${TARGET_BUILD_DIR}/${FRAMEWORKS_FOLDER_PATH}/GTMSessionFetcher.framework",
				"${TARGET_BUILD_DIR}/${FRAMEWORKS_FOLDER_PATH}/GoogleUtilities.framework",
				"${TARGET_BUILD_DIR}/${FRAMEWORKS_FOLDER_PATH}/Nuke.framework",
				"${TARGET_BUILD_DIR}/${FRAMEWORKS_FOLDER_PATH}/SVProgressHUD.framework",
				"${TARGET_BUILD_DIR}/${FRAMEWORKS_FOLDER_PATH}/leveldb.framework",
				"${TARGET_BUILD_DIR}/${FRAMEWORKS_FOLDER_PATH}/nanopb.framework",
			);
			runOnlyForDeploymentPostprocessing = 0;
			shellPath = /bin/sh;
			shellScript = "\"${SRCROOT}/Pods/Target Support Files/Pods-Puth/Pods-Puth-frameworks.sh\"\n";
			showEnvVarsInLog = 0;
		};
/* End PBXShellScriptBuildPhase section */

/* Begin PBXSourcesBuildPhase section */
		4E0ECDD5215B38B4007276E4 /* Sources */ = {
			isa = PBXSourcesBuildPhase;
			buildActionMask = 2147483647;
			files = (
				4EF6C26C215F2E8C009815EF /* SearchViewController.swift in Sources */,
				4E0ECDEF215B3BD7007276E4 /* SignInViewController.swift in Sources */,
				4E0ECDF1215B4084007276E4 /* SignUPViewController.swift in Sources */,
				4E0ECDDD215B38B4007276E4 /* AppDelegate.swift in Sources */,
				4EF6C270215F2E9E009815EF /* ActivityViewController.swift in Sources */,
				4EF77E122206BC98002C3EA6 /* Model.swift in Sources */,
				4EF6C26A215F2E83009815EF /* HomeViewController.swift in Sources */,
				4E9CA20D217D478D008E0502 /* AuthServices.swift in Sources */,
				4EF6C272215F2EA8009815EF /* ProfileViewController.swift in Sources */,
				4EF6C26E215F2E94009815EF /* CameraViewController.swift in Sources */,
			);
			runOnlyForDeploymentPostprocessing = 0;
		};
/* End PBXSourcesBuildPhase section */

/* Begin PBXVariantGroup section */
		4E0ECDE0215B38B4007276E4 /* Main.storyboard */ = {
			isa = PBXVariantGroup;
			children = (
				4E0ECDE1215B38B4007276E4 /* Base */,
			);
			name = Main.storyboard;
			sourceTree = "<group>";
		};
		4E0ECDE5215B38B5007276E4 /* LaunchScreen.storyboard */ = {
			isa = PBXVariantGroup;
			children = (
				4E0ECDE6215B38B5007276E4 /* Base */,
			);
			name = LaunchScreen.storyboard;
			sourceTree = "<group>";
		};
		4EF6C273215F3BA9009815EF /* Tab.storyboard */ = {
			isa = PBXVariantGroup;
			children = (
				4EF6C274215F3BA9009815EF /* Base */,
			);
			name = Tab.storyboard;
			sourceTree = "<group>";
		};
		4EF6C276215F4021009815EF /* Home.storyboard */ = {
			isa = PBXVariantGroup;
			children = (
				4EF6C277215F4021009815EF /* Base */,
			);
			name = Home.storyboard;
			sourceTree = "<group>";
		};
		4EF6C27B215F4110009815EF /* Camera.storyboard */ = {
			isa = PBXVariantGroup;
			children = (
				4EF6C27C215F4110009815EF /* Base */,
			);
			name = Camera.storyboard;
			sourceTree = "<group>";
		};
		4EF6C280215F4182009815EF /* Profile.storyboard */ = {
			isa = PBXVariantGroup;
			children = (
				4EF6C281215F4182009815EF /* Base */,
			);
			name = Profile.storyboard;
			sourceTree = "<group>";
		};
/* End PBXVariantGroup section */

/* Begin XCBuildConfiguration section */
		4E0ECDE9215B38B5007276E4 /* Debug */ = {
			isa = XCBuildConfiguration;
			buildSettings = {
				ALWAYS_SEARCH_USER_PATHS = NO;
				CLANG_ANALYZER_NONNULL = YES;
				CLANG_ANALYZER_NUMBER_OBJECT_CONVERSION = YES_AGGRESSIVE;
				CLANG_CXX_LANGUAGE_STANDARD = "gnu++14";
				CLANG_CXX_LIBRARY = "libc++";
				CLANG_ENABLE_MODULES = YES;
				CLANG_ENABLE_OBJC_ARC = YES;
				CLANG_ENABLE_OBJC_WEAK = YES;
				CLANG_WARN_BLOCK_CAPTURE_AUTORELEASING = YES;
				CLANG_WARN_BOOL_CONVERSION = YES;
				CLANG_WARN_COMMA = YES;
				CLANG_WARN_CONSTANT_CONVERSION = YES;
				CLANG_WARN_DEPRECATED_OBJC_IMPLEMENTATIONS = YES;
				CLANG_WARN_DIRECT_OBJC_ISA_USAGE = YES_ERROR;
				CLANG_WARN_DOCUMENTATION_COMMENTS = YES;
				CLANG_WARN_EMPTY_BODY = YES;
				CLANG_WARN_ENUM_CONVERSION = YES;
				CLANG_WARN_INFINITE_RECURSION = YES;
				CLANG_WARN_INT_CONVERSION = YES;
				CLANG_WARN_NON_LITERAL_NULL_CONVERSION = YES;
				CLANG_WARN_OBJC_IMPLICIT_RETAIN_SELF = YES;
				CLANG_WARN_OBJC_LITERAL_CONVERSION = YES;
				CLANG_WARN_OBJC_ROOT_CLASS = YES_ERROR;
				CLANG_WARN_RANGE_LOOP_ANALYSIS = YES;
				CLANG_WARN_STRICT_PROTOTYPES = YES;
				CLANG_WARN_SUSPICIOUS_MOVE = YES;
				CLANG_WARN_UNGUARDED_AVAILABILITY = YES_AGGRESSIVE;
				CLANG_WARN_UNREACHABLE_CODE = YES;
				CLANG_WARN__DUPLICATE_METHOD_MATCH = YES;
				CODE_SIGN_IDENTITY = "iPhone Developer";
				COPY_PHASE_STRIP = NO;
				DEBUG_INFORMATION_FORMAT = dwarf;
				ENABLE_STRICT_OBJC_MSGSEND = YES;
				ENABLE_TESTABILITY = YES;
				GCC_C_LANGUAGE_STANDARD = gnu11;
				GCC_DYNAMIC_NO_PIC = NO;
				GCC_NO_COMMON_BLOCKS = YES;
				GCC_OPTIMIZATION_LEVEL = 0;
				GCC_PREPROCESSOR_DEFINITIONS = (
					"DEBUG=1",
					"$(inherited)",
				);
				GCC_WARN_64_TO_32_BIT_CONVERSION = YES;
				GCC_WARN_ABOUT_RETURN_TYPE = YES_ERROR;
				GCC_WARN_UNDECLARED_SELECTOR = YES;
				GCC_WARN_UNINITIALIZED_AUTOS = YES_AGGRESSIVE;
				GCC_WARN_UNUSED_FUNCTION = YES;
				GCC_WARN_UNUSED_VARIABLE = YES;
				IPHONEOS_DEPLOYMENT_TARGET = 12.0;
				MTL_ENABLE_DEBUG_INFO = INCLUDE_SOURCE;
				MTL_FAST_MATH = YES;
				ONLY_ACTIVE_ARCH = YES;
				SDKROOT = iphoneos;
				SWIFT_ACTIVE_COMPILATION_CONDITIONS = DEBUG;
				SWIFT_OPTIMIZATION_LEVEL = "-Onone";
			};
			name = Debug;
		};
		4E0ECDEA215B38B5007276E4 /* Release */ = {
			isa = XCBuildConfiguration;
			buildSettings = {
				ALWAYS_SEARCH_USER_PATHS = NO;
				CLANG_ANALYZER_NONNULL = YES;
				CLANG_ANALYZER_NUMBER_OBJECT_CONVERSION = YES_AGGRESSIVE;
				CLANG_CXX_LANGUAGE_STANDARD = "gnu++14";
				CLANG_CXX_LIBRARY = "libc++";
				CLANG_ENABLE_MODULES = YES;
				CLANG_ENABLE_OBJC_ARC = YES;
				CLANG_ENABLE_OBJC_WEAK = YES;
				CLANG_WARN_BLOCK_CAPTURE_AUTORELEASING = YES;
				CLANG_WARN_BOOL_CONVERSION = YES;
				CLANG_WARN_COMMA = YES;
				CLANG_WARN_CONSTANT_CONVERSION = YES;
				CLANG_WARN_DEPRECATED_OBJC_IMPLEMENTATIONS = YES;
				CLANG_WARN_DIRECT_OBJC_ISA_USAGE = YES_ERROR;
				CLANG_WARN_DOCUMENTATION_COMMENTS = YES;
				CLANG_WARN_EMPTY_BODY = YES;
				CLANG_WARN_ENUM_CONVERSION = YES;
				CLANG_WARN_INFINITE_RECURSION = YES;
				CLANG_WARN_INT_CONVERSION = YES;
				CLANG_WARN_NON_LITERAL_NULL_CONVERSION = YES;
				CLANG_WARN_OBJC_IMPLICIT_RETAIN_SELF = YES;
				CLANG_WARN_OBJC_LITERAL_CONVERSION = YES;
				CLANG_WARN_OBJC_ROOT_CLASS = YES_ERROR;
				CLANG_WARN_RANGE_LOOP_ANALYSIS = YES;
				CLANG_WARN_STRICT_PROTOTYPES = YES;
				CLANG_WARN_SUSPICIOUS_MOVE = YES;
				CLANG_WARN_UNGUARDED_AVAILABILITY = YES_AGGRESSIVE;
				CLANG_WARN_UNREACHABLE_CODE = YES;
				CLANG_WARN__DUPLICATE_METHOD_MATCH = YES;
				CODE_SIGN_IDENTITY = "iPhone Developer";
				COPY_PHASE_STRIP = NO;
				DEBUG_INFORMATION_FORMAT = "dwarf-with-dsym";
				ENABLE_NS_ASSERTIONS = NO;
				ENABLE_STRICT_OBJC_MSGSEND = YES;
				GCC_C_LANGUAGE_STANDARD = gnu11;
				GCC_NO_COMMON_BLOCKS = YES;
				GCC_WARN_64_TO_32_BIT_CONVERSION = YES;
				GCC_WARN_ABOUT_RETURN_TYPE = YES_ERROR;
				GCC_WARN_UNDECLARED_SELECTOR = YES;
				GCC_WARN_UNINITIALIZED_AUTOS = YES_AGGRESSIVE;
				GCC_WARN_UNUSED_FUNCTION = YES;
				GCC_WARN_UNUSED_VARIABLE = YES;
				IPHONEOS_DEPLOYMENT_TARGET = 12.0;
				MTL_ENABLE_DEBUG_INFO = NO;
				MTL_FAST_MATH = YES;
				SDKROOT = iphoneos;
				SWIFT_COMPILATION_MODE = wholemodule;
				SWIFT_OPTIMIZATION_LEVEL = "-O";
				VALIDATE_PRODUCT = YES;
			};
			name = Release;
		};
		4E0ECDEC215B38B5007276E4 /* Debug */ = {
			isa = XCBuildConfiguration;
			baseConfigurationReference = 6B136CDA29763230BD1E3966 /* Pods-Puth.debug.xcconfig */;
			buildSettings = {
				ASSETCATALOG_COMPILER_APPICON_NAME = AppIcon;
				CODE_SIGN_STYLE = Automatic;
				DEVELOPMENT_TEAM = 6B6YHT44M4;
				INFOPLIST_FILE = Puth/Info.plist;
				LD_RUNPATH_SEARCH_PATHS = (
					"$(inherited)",
					"@executable_path/Frameworks",
				);
				PRODUCT_BUNDLE_IDENTIFIER = com.zabeehqayumi.Puth;
				PRODUCT_NAME = "$(TARGET_NAME)";
				SWIFT_VERSION = 4.2;
				TARGETED_DEVICE_FAMILY = "1,2";
			};
			name = Debug;
		};
		4E0ECDED215B38B5007276E4 /* Release */ = {
			isa = XCBuildConfiguration;
			baseConfigurationReference = C23122382AE6D7C7A0B2696C /* Pods-Puth.release.xcconfig */;
			buildSettings = {
				ASSETCATALOG_COMPILER_APPICON_NAME = AppIcon;
				CODE_SIGN_STYLE = Automatic;
				DEVELOPMENT_TEAM = 6B6YHT44M4;
				INFOPLIST_FILE = Puth/Info.plist;
				LD_RUNPATH_SEARCH_PATHS = (
					"$(inherited)",
					"@executable_path/Frameworks",
				);
				PRODUCT_BUNDLE_IDENTIFIER = com.zabeehqayumi.Puth;
				PRODUCT_NAME = "$(TARGET_NAME)";
				SWIFT_VERSION = 4.2;
				TARGETED_DEVICE_FAMILY = "1,2";
			};
			name = Release;
		};
/* End XCBuildConfiguration section */

/* Begin XCConfigurationList section */
		4E0ECDD4215B38B4007276E4 /* Build configuration list for PBXProject "Puth" */ = {
			isa = XCConfigurationList;
			buildConfigurations = (
				4E0ECDE9215B38B5007276E4 /* Debug */,
				4E0ECDEA215B38B5007276E4 /* Release */,
			);
			defaultConfigurationIsVisible = 0;
			defaultConfigurationName = Release;
		};
		4E0ECDEB215B38B5007276E4 /* Build configuration list for PBXNativeTarget "Puth" */ = {
			isa = XCConfigurationList;
			buildConfigurations = (
				4E0ECDEC215B38B5007276E4 /* Debug */,
				4E0ECDED215B38B5007276E4 /* Release */,
			);
			defaultConfigurationIsVisible = 0;
			defaultConfigurationName = Release;
		};
/* End XCConfigurationList section */
	};
	rootObject = 4E0ECDD1215B38B4007276E4 /* Project object */;
}
